Microsoft Visual Studio Solution File, Format Version 12.00
# Visual Studio 15
VisualStudioVersion = 15.0.28307.1401
MinimumVisualStudioVersion = 10.0.40219.1
Project("{2150E333-8FDC-42A3-9474-1A3956D46DE8}") = "Setup", "Setup", "{DCE0C3C4-5BC6-4A30-86BE-3FEFF4677A01}"
EndProject
Project("{2150E333-8FDC-42A3-9474-1A3956D46DE8}") = "Solution Items", "Solution Items", "{577A0375-1436-446C-802B-3C75C8CEF94F}"
	ProjectSection(SolutionItems) = preProject
		.editorconfig = .editorconfig
		.gitignore = .gitignore
		build.ps1 = build.ps1
		changelog.txt = changelog.txt
		clean.ps1 = clean.ps1
		CommonAssemblyInfo.cs = CommonAssemblyInfo.cs
		global.json = global.json
		LICENSE.txt = LICENSE.txt
		nuget.config = nuget.config
		README.md = README.md
		TechTalk.SpecFlow.sln.DotSettings = TechTalk.SpecFlow.sln.DotSettings
		version.json = version.json
	EndProjectSection
EndProject
Project("{2150E333-8FDC-42A3-9474-1A3956D46DE8}") = "Build", "Build", "{D87E7021-4926-4F5A-AC81-92AFC575FB7E}"
	ProjectSection(SolutionItems) = preProject
		Directory.Build.props = Directory.Build.props
		Directory.Build.rsp = Directory.Build.rsp
		Directory.Build.targets = Directory.Build.targets
		Build\Versioning.targets = Build\Versioning.targets
	EndProjectSection
EndProject
Project("{9A19103F-16F7-4668-BE54-9A1E7A4F7556}") = "TechTalk.SpecFlow.Parser", "TechTalk.SpecFlow.Parser\TechTalk.SpecFlow.Parser.csproj", "{ABA918DA-C436-4EE2-B23D-FD0B24403B27}"
EndProject
Project("{9A19103F-16F7-4668-BE54-9A1E7A4F7556}") = "TechTalk.SpecFlow", "TechTalk.SpecFlow\TechTalk.SpecFlow.csproj", "{413EE28C-4F89-4C6F-BA1E-2CDEE4CD43B4}"
EndProject
Project("{9A19103F-16F7-4668-BE54-9A1E7A4F7556}") = "TechTalk.SpecFlow.Generator", "TechTalk.SpecFlow.Generator\TechTalk.SpecFlow.Generator.csproj", "{F0A50949-8FE1-4048-9A3E-BB0498843669}"
EndProject
Project("{9A19103F-16F7-4668-BE54-9A1E7A4F7556}") = "TechTalk.SpecFlow.Utils", "TechTalk.SpecFlow.Utils\TechTalk.SpecFlow.Utils.csproj", "{D719B8EA-6C89-4B81-AABD-65ACF562F521}"
EndProject
Project("{9A19103F-16F7-4668-BE54-9A1E7A4F7556}") = "TechTalk.SpecFlow.TestProjectGenerator", "ExternalRepositories\SpecFlow.TestProjectGenerator\SpecFlow.TestProjectGenerator\TechTalk.SpecFlow.TestProjectGenerator.csproj", "{FA04B445-D04C-4075-9EB0-4D0A70E47FC4}"
EndProject
Project("{9A19103F-16F7-4668-BE54-9A1E7A4F7556}") = "SpecFlow.Tools.MsBuild.Generation", "SpecFlow.Tools.MsBuild.Generation\SpecFlow.Tools.MsBuild.Generation.csproj", "{AE2FCDBB-0933-4751-BF17-8D9BF9B2055A}"
EndProject
Project("{2150E333-8FDC-42A3-9474-1A3956D46DE8}") = "Licenses", "Licenses", "{D7B9D08E-67E6-4294-9E1F-2AB119571BD7}"
	ProjectSection(SolutionItems) = preProject
		Licenses\BoDi-LICENSE-Apache2.txt = Licenses\BoDi-LICENSE-Apache2.txt
		Licenses\Gherkin-LICENSE-MIT.txt = Licenses\Gherkin-LICENSE-MIT.txt
		Licenses\Newtonsoft.Json-LICENSE-MIT.md = Licenses\Newtonsoft.Json-LICENSE-MIT.md
		Licenses\System.ValueTuple-LICENSE-MIT.txt = Licenses\System.ValueTuple-LICENSE-MIT.txt
	EndProjectSection
EndProject
Project("{2150E333-8FDC-42A3-9474-1A3956D46DE8}") = "ExternalRepositories", "ExternalRepositories", "{974420E8-FEEA-4564-B4CE-BE06F7457E3B}"
EndProject
Project("{9A19103F-16F7-4668-BE54-9A1E7A4F7556}") = "TechTalk.SpecFlow.TestProjectGenerator.Tests", "ExternalRepositories\SpecFlow.TestProjectGenerator\SpecFlow.TestProjectGenerator.Tests\TechTalk.SpecFlow.TestProjectGenerator.Tests.csproj", "{1B51F6C9-226E-479B-9212-E6C02A1E6633}"
EndProject
Project("{2150E333-8FDC-42A3-9474-1A3956D46DE8}") = "Plugins", "Plugins", "{8BE0FE31-6A52-452E-BE71-B8C64A3ED402}"
EndProject
Project("{9A19103F-16F7-4668-BE54-9A1E7A4F7556}") = "TechTalk.SpecFlow.NUnit.Runners", "Installer\TechTalk.SpecFlow.NUnit.Runners\TechTalk.SpecFlow.NUnit.Runners.csproj", "{57335C6A-F74A-491A-8191-95E115B87638}"
EndProject
Project("{9A19103F-16F7-4668-BE54-9A1E7A4F7556}") = "TechTalk.SpecFlow.CustomPlugin", "Installer\TechTalk.SpecFlow.CustomPlugin\TechTalk.SpecFlow.CustomPlugin.csproj", "{FA9DFEFA-4F35-4A57-91AE-64C7B5D41EAA}"
EndProject
Project("{2150E333-8FDC-42A3-9474-1A3956D46DE8}") = "AzurePipelines", "AzurePipelines", "{48E162BC-9431-450D-8353-66D396DCB5FE}"
	ProjectSection(SolutionItems) = preProject
		azure-pipelines.yml = azure-pipelines.yml
		build.yml = build.yml
	EndProjectSection
EndProject
Project("{9A19103F-16F7-4668-BE54-9A1E7A4F7556}") = "TechTalk.SpecFlow.Templates.DotNet", "Templates\TechTalk.SpecFlow.Templates.DotNet\TechTalk.SpecFlow.Templates.DotNet.csproj", "{B7F589EB-524F-4BAD-9419-6576F6527670}"
EndProject
Project("{2150E333-8FDC-42A3-9474-1A3956D46DE8}") = "Templates", "Templates", "{05275A0B-57E4-484C-B181-227697C7B89A}"
EndProject
Project("{2150E333-8FDC-42A3-9474-1A3956D46DE8}") = "ExternalData", "ExternalData", "{16EAF4F9-9860-4BB9-8992-98522E68E570}"
EndProject
Project("{9A19103F-16F7-4668-BE54-9A1E7A4F7556}") = "SpecFlow.ExternalData.SpecFlowPlugin", "Plugins\SpecFlow.ExternalData\SpecFlow.ExternalData.SpecFlowPlugin\SpecFlow.ExternalData.SpecFlowPlugin.csproj", "{AF7CACE6-1F26-454D-A814-19CFCF7C5810}"
EndProject
Global
	GlobalSection(SolutionConfigurationPlatforms) = preSolution
		Debug|Any CPU = Debug|Any CPU
		Debug-MSTest|Any CPU = Debug-MSTest|Any CPU
		Debug-NUnit|Any CPU = Debug-NUnit|Any CPU
		Debug-XUnit|Any CPU = Debug-XUnit|Any CPU
		Release|Any CPU = Release|Any CPU
		VS2010IntegrationTest|Any CPU = VS2010IntegrationTest|Any CPU
	EndGlobalSection
	GlobalSection(ProjectConfigurationPlatforms) = postSolution
		{ABA918DA-C436-4EE2-B23D-FD0B24403B27}.Debug|Any CPU.ActiveCfg = Debug|Any CPU
		{ABA918DA-C436-4EE2-B23D-FD0B24403B27}.Debug|Any CPU.Build.0 = Debug|Any CPU
		{ABA918DA-C436-4EE2-B23D-FD0B24403B27}.Debug-MSTest|Any CPU.ActiveCfg = Debug|Any CPU
		{ABA918DA-C436-4EE2-B23D-FD0B24403B27}.Debug-MSTest|Any CPU.Build.0 = Debug|Any CPU
		{ABA918DA-C436-4EE2-B23D-FD0B24403B27}.Debug-NUnit|Any CPU.ActiveCfg = Debug|Any CPU
		{ABA918DA-C436-4EE2-B23D-FD0B24403B27}.Debug-NUnit|Any CPU.Build.0 = Debug|Any CPU
		{ABA918DA-C436-4EE2-B23D-FD0B24403B27}.Debug-XUnit|Any CPU.ActiveCfg = Debug|Any CPU
		{ABA918DA-C436-4EE2-B23D-FD0B24403B27}.Debug-XUnit|Any CPU.Build.0 = Debug|Any CPU
		{ABA918DA-C436-4EE2-B23D-FD0B24403B27}.Release|Any CPU.ActiveCfg = Release|Any CPU
		{ABA918DA-C436-4EE2-B23D-FD0B24403B27}.Release|Any CPU.Build.0 = Release|Any CPU
		{ABA918DA-C436-4EE2-B23D-FD0B24403B27}.VS2010IntegrationTest|Any CPU.ActiveCfg = Debug|Any CPU
		{ABA918DA-C436-4EE2-B23D-FD0B24403B27}.VS2010IntegrationTest|Any CPU.Build.0 = Debug|Any CPU
		{413EE28C-4F89-4C6F-BA1E-2CDEE4CD43B4}.Debug|Any CPU.ActiveCfg = Debug|Any CPU
		{413EE28C-4F89-4C6F-BA1E-2CDEE4CD43B4}.Debug|Any CPU.Build.0 = Debug|Any CPU
		{413EE28C-4F89-4C6F-BA1E-2CDEE4CD43B4}.Debug-MSTest|Any CPU.ActiveCfg = Debug|Any CPU
		{413EE28C-4F89-4C6F-BA1E-2CDEE4CD43B4}.Debug-MSTest|Any CPU.Build.0 = Debug|Any CPU
		{413EE28C-4F89-4C6F-BA1E-2CDEE4CD43B4}.Debug-NUnit|Any CPU.ActiveCfg = Debug|Any CPU
		{413EE28C-4F89-4C6F-BA1E-2CDEE4CD43B4}.Debug-NUnit|Any CPU.Build.0 = Debug|Any CPU
		{413EE28C-4F89-4C6F-BA1E-2CDEE4CD43B4}.Debug-XUnit|Any CPU.ActiveCfg = Debug|Any CPU
		{413EE28C-4F89-4C6F-BA1E-2CDEE4CD43B4}.Debug-XUnit|Any CPU.Build.0 = Debug|Any CPU
		{413EE28C-4F89-4C6F-BA1E-2CDEE4CD43B4}.Release|Any CPU.ActiveCfg = Release|Any CPU
		{413EE28C-4F89-4C6F-BA1E-2CDEE4CD43B4}.Release|Any CPU.Build.0 = Release|Any CPU
		{413EE28C-4F89-4C6F-BA1E-2CDEE4CD43B4}.VS2010IntegrationTest|Any CPU.ActiveCfg = Debug|Any CPU
		{413EE28C-4F89-4C6F-BA1E-2CDEE4CD43B4}.VS2010IntegrationTest|Any CPU.Build.0 = Debug|Any CPU
		{F0A50949-8FE1-4048-9A3E-BB0498843669}.Debug|Any CPU.ActiveCfg = Debug|Any CPU
		{F0A50949-8FE1-4048-9A3E-BB0498843669}.Debug|Any CPU.Build.0 = Debug|Any CPU
		{F0A50949-8FE1-4048-9A3E-BB0498843669}.Debug-MSTest|Any CPU.ActiveCfg = Debug|Any CPU
		{F0A50949-8FE1-4048-9A3E-BB0498843669}.Debug-MSTest|Any CPU.Build.0 = Debug|Any CPU
		{F0A50949-8FE1-4048-9A3E-BB0498843669}.Debug-NUnit|Any CPU.ActiveCfg = Debug|Any CPU
		{F0A50949-8FE1-4048-9A3E-BB0498843669}.Debug-NUnit|Any CPU.Build.0 = Debug|Any CPU
		{F0A50949-8FE1-4048-9A3E-BB0498843669}.Debug-XUnit|Any CPU.ActiveCfg = Debug|Any CPU
		{F0A50949-8FE1-4048-9A3E-BB0498843669}.Debug-XUnit|Any CPU.Build.0 = Debug|Any CPU
		{F0A50949-8FE1-4048-9A3E-BB0498843669}.Release|Any CPU.ActiveCfg = Release|Any CPU
		{F0A50949-8FE1-4048-9A3E-BB0498843669}.Release|Any CPU.Build.0 = Release|Any CPU
		{F0A50949-8FE1-4048-9A3E-BB0498843669}.VS2010IntegrationTest|Any CPU.ActiveCfg = Debug|Any CPU
		{F0A50949-8FE1-4048-9A3E-BB0498843669}.VS2010IntegrationTest|Any CPU.Build.0 = Debug|Any CPU
		{D719B8EA-6C89-4B81-AABD-65ACF562F521}.Debug|Any CPU.ActiveCfg = Debug|Any CPU
		{D719B8EA-6C89-4B81-AABD-65ACF562F521}.Debug|Any CPU.Build.0 = Debug|Any CPU
		{D719B8EA-6C89-4B81-AABD-65ACF562F521}.Debug-MSTest|Any CPU.ActiveCfg = Debug|Any CPU
		{D719B8EA-6C89-4B81-AABD-65ACF562F521}.Debug-MSTest|Any CPU.Build.0 = Debug|Any CPU
		{D719B8EA-6C89-4B81-AABD-65ACF562F521}.Debug-NUnit|Any CPU.ActiveCfg = Debug|Any CPU
		{D719B8EA-6C89-4B81-AABD-65ACF562F521}.Debug-NUnit|Any CPU.Build.0 = Debug|Any CPU
		{D719B8EA-6C89-4B81-AABD-65ACF562F521}.Debug-XUnit|Any CPU.ActiveCfg = Debug|Any CPU
		{D719B8EA-6C89-4B81-AABD-65ACF562F521}.Debug-XUnit|Any CPU.Build.0 = Debug|Any CPU
		{D719B8EA-6C89-4B81-AABD-65ACF562F521}.Release|Any CPU.ActiveCfg = Release|Any CPU
		{D719B8EA-6C89-4B81-AABD-65ACF562F521}.Release|Any CPU.Build.0 = Release|Any CPU
		{D719B8EA-6C89-4B81-AABD-65ACF562F521}.VS2010IntegrationTest|Any CPU.ActiveCfg = Debug|Any CPU
		{D719B8EA-6C89-4B81-AABD-65ACF562F521}.VS2010IntegrationTest|Any CPU.Build.0 = Debug|Any CPU
		{FA04B445-D04C-4075-9EB0-4D0A70E47FC4}.Debug|Any CPU.ActiveCfg = Debug|Any CPU
		{FA04B445-D04C-4075-9EB0-4D0A70E47FC4}.Debug|Any CPU.Build.0 = Debug|Any CPU
		{FA04B445-D04C-4075-9EB0-4D0A70E47FC4}.Debug-MSTest|Any CPU.ActiveCfg = Debug|Any CPU
		{FA04B445-D04C-4075-9EB0-4D0A70E47FC4}.Debug-MSTest|Any CPU.Build.0 = Debug|Any CPU
		{FA04B445-D04C-4075-9EB0-4D0A70E47FC4}.Debug-NUnit|Any CPU.ActiveCfg = Debug|Any CPU
		{FA04B445-D04C-4075-9EB0-4D0A70E47FC4}.Debug-NUnit|Any CPU.Build.0 = Debug|Any CPU
		{FA04B445-D04C-4075-9EB0-4D0A70E47FC4}.Debug-XUnit|Any CPU.ActiveCfg = Debug|Any CPU
		{FA04B445-D04C-4075-9EB0-4D0A70E47FC4}.Debug-XUnit|Any CPU.Build.0 = Debug|Any CPU
		{FA04B445-D04C-4075-9EB0-4D0A70E47FC4}.Release|Any CPU.ActiveCfg = Release|Any CPU
		{FA04B445-D04C-4075-9EB0-4D0A70E47FC4}.Release|Any CPU.Build.0 = Release|Any CPU
		{FA04B445-D04C-4075-9EB0-4D0A70E47FC4}.VS2010IntegrationTest|Any CPU.ActiveCfg = Debug|Any CPU
		{FA04B445-D04C-4075-9EB0-4D0A70E47FC4}.VS2010IntegrationTest|Any CPU.Build.0 = Debug|Any CPU
		{AE2FCDBB-0933-4751-BF17-8D9BF9B2055A}.Debug|Any CPU.ActiveCfg = Debug|Any CPU
		{AE2FCDBB-0933-4751-BF17-8D9BF9B2055A}.Debug|Any CPU.Build.0 = Debug|Any CPU
		{AE2FCDBB-0933-4751-BF17-8D9BF9B2055A}.Debug-MSTest|Any CPU.ActiveCfg = Debug|Any CPU
		{AE2FCDBB-0933-4751-BF17-8D9BF9B2055A}.Debug-MSTest|Any CPU.Build.0 = Debug|Any CPU
		{AE2FCDBB-0933-4751-BF17-8D9BF9B2055A}.Debug-NUnit|Any CPU.ActiveCfg = Debug|Any CPU
		{AE2FCDBB-0933-4751-BF17-8D9BF9B2055A}.Debug-NUnit|Any CPU.Build.0 = Debug|Any CPU
		{AE2FCDBB-0933-4751-BF17-8D9BF9B2055A}.Debug-XUnit|Any CPU.ActiveCfg = Debug|Any CPU
		{AE2FCDBB-0933-4751-BF17-8D9BF9B2055A}.Debug-XUnit|Any CPU.Build.0 = Debug|Any CPU
		{AE2FCDBB-0933-4751-BF17-8D9BF9B2055A}.Release|Any CPU.ActiveCfg = Release|Any CPU
		{AE2FCDBB-0933-4751-BF17-8D9BF9B2055A}.Release|Any CPU.Build.0 = Release|Any CPU
		{AE2FCDBB-0933-4751-BF17-8D9BF9B2055A}.VS2010IntegrationTest|Any CPU.ActiveCfg = Debug|Any CPU
		{AE2FCDBB-0933-4751-BF17-8D9BF9B2055A}.VS2010IntegrationTest|Any CPU.Build.0 = Debug|Any CPU
		{1B51F6C9-226E-479B-9212-E6C02A1E6633}.Debug|Any CPU.ActiveCfg = Debug|Any CPU
		{1B51F6C9-226E-479B-9212-E6C02A1E6633}.Debug|Any CPU.Build.0 = Debug|Any CPU
		{1B51F6C9-226E-479B-9212-E6C02A1E6633}.Debug-MSTest|Any CPU.ActiveCfg = Debug|Any CPU
		{1B51F6C9-226E-479B-9212-E6C02A1E6633}.Debug-MSTest|Any CPU.Build.0 = Debug|Any CPU
		{1B51F6C9-226E-479B-9212-E6C02A1E6633}.Debug-NUnit|Any CPU.ActiveCfg = Debug|Any CPU
		{1B51F6C9-226E-479B-9212-E6C02A1E6633}.Debug-NUnit|Any CPU.Build.0 = Debug|Any CPU
		{1B51F6C9-226E-479B-9212-E6C02A1E6633}.Debug-XUnit|Any CPU.ActiveCfg = Debug|Any CPU
		{1B51F6C9-226E-479B-9212-E6C02A1E6633}.Debug-XUnit|Any CPU.Build.0 = Debug|Any CPU
		{1B51F6C9-226E-479B-9212-E6C02A1E6633}.Release|Any CPU.ActiveCfg = Release|Any CPU
		{1B51F6C9-226E-479B-9212-E6C02A1E6633}.Release|Any CPU.Build.0 = Release|Any CPU
		{1B51F6C9-226E-479B-9212-E6C02A1E6633}.VS2010IntegrationTest|Any CPU.ActiveCfg = Debug|Any CPU
		{1B51F6C9-226E-479B-9212-E6C02A1E6633}.VS2010IntegrationTest|Any CPU.Build.0 = Debug|Any CPU
		{57335C6A-F74A-491A-8191-95E115B87638}.Debug|Any CPU.ActiveCfg = Debug|Any CPU
		{57335C6A-F74A-491A-8191-95E115B87638}.Debug|Any CPU.Build.0 = Debug|Any CPU
		{57335C6A-F74A-491A-8191-95E115B87638}.Debug-MSTest|Any CPU.ActiveCfg = Debug|Any CPU
		{57335C6A-F74A-491A-8191-95E115B87638}.Debug-MSTest|Any CPU.Build.0 = Debug|Any CPU
		{57335C6A-F74A-491A-8191-95E115B87638}.Debug-NUnit|Any CPU.ActiveCfg = Debug|Any CPU
		{57335C6A-F74A-491A-8191-95E115B87638}.Debug-NUnit|Any CPU.Build.0 = Debug|Any CPU
		{57335C6A-F74A-491A-8191-95E115B87638}.Debug-XUnit|Any CPU.ActiveCfg = Debug|Any CPU
		{57335C6A-F74A-491A-8191-95E115B87638}.Debug-XUnit|Any CPU.Build.0 = Debug|Any CPU
		{57335C6A-F74A-491A-8191-95E115B87638}.Release|Any CPU.ActiveCfg = Release|Any CPU
		{57335C6A-F74A-491A-8191-95E115B87638}.Release|Any CPU.Build.0 = Release|Any CPU
		{57335C6A-F74A-491A-8191-95E115B87638}.VS2010IntegrationTest|Any CPU.ActiveCfg = Debug|Any CPU
		{57335C6A-F74A-491A-8191-95E115B87638}.VS2010IntegrationTest|Any CPU.Build.0 = Debug|Any CPU
		{FA9DFEFA-4F35-4A57-91AE-64C7B5D41EAA}.Debug|Any CPU.ActiveCfg = Debug|Any CPU
		{FA9DFEFA-4F35-4A57-91AE-64C7B5D41EAA}.Debug|Any CPU.Build.0 = Debug|Any CPU
		{FA9DFEFA-4F35-4A57-91AE-64C7B5D41EAA}.Debug-MSTest|Any CPU.ActiveCfg = Debug|Any CPU
		{FA9DFEFA-4F35-4A57-91AE-64C7B5D41EAA}.Debug-MSTest|Any CPU.Build.0 = Debug|Any CPU
		{FA9DFEFA-4F35-4A57-91AE-64C7B5D41EAA}.Debug-NUnit|Any CPU.ActiveCfg = Debug|Any CPU
		{FA9DFEFA-4F35-4A57-91AE-64C7B5D41EAA}.Debug-NUnit|Any CPU.Build.0 = Debug|Any CPU
		{FA9DFEFA-4F35-4A57-91AE-64C7B5D41EAA}.Debug-XUnit|Any CPU.ActiveCfg = Debug|Any CPU
		{FA9DFEFA-4F35-4A57-91AE-64C7B5D41EAA}.Debug-XUnit|Any CPU.Build.0 = Debug|Any CPU
		{FA9DFEFA-4F35-4A57-91AE-64C7B5D41EAA}.Release|Any CPU.ActiveCfg = Release|Any CPU
		{FA9DFEFA-4F35-4A57-91AE-64C7B5D41EAA}.Release|Any CPU.Build.0 = Release|Any CPU
		{FA9DFEFA-4F35-4A57-91AE-64C7B5D41EAA}.VS2010IntegrationTest|Any CPU.ActiveCfg = Debug|Any CPU
		{FA9DFEFA-4F35-4A57-91AE-64C7B5D41EAA}.VS2010IntegrationTest|Any CPU.Build.0 = Debug|Any CPU
		{B7F589EB-524F-4BAD-9419-6576F6527670}.Debug|Any CPU.ActiveCfg = Debug|Any CPU
		{B7F589EB-524F-4BAD-9419-6576F6527670}.Debug|Any CPU.Build.0 = Debug|Any CPU
		{B7F589EB-524F-4BAD-9419-6576F6527670}.Debug-MSTest|Any CPU.ActiveCfg = Debug|Any CPU
		{B7F589EB-524F-4BAD-9419-6576F6527670}.Debug-MSTest|Any CPU.Build.0 = Debug|Any CPU
		{B7F589EB-524F-4BAD-9419-6576F6527670}.Debug-NUnit|Any CPU.ActiveCfg = Debug|Any CPU
		{B7F589EB-524F-4BAD-9419-6576F6527670}.Debug-NUnit|Any CPU.Build.0 = Debug|Any CPU
		{B7F589EB-524F-4BAD-9419-6576F6527670}.Debug-XUnit|Any CPU.ActiveCfg = Debug|Any CPU
		{B7F589EB-524F-4BAD-9419-6576F6527670}.Debug-XUnit|Any CPU.Build.0 = Debug|Any CPU
		{B7F589EB-524F-4BAD-9419-6576F6527670}.Release|Any CPU.ActiveCfg = Release|Any CPU
		{B7F589EB-524F-4BAD-9419-6576F6527670}.Release|Any CPU.Build.0 = Release|Any CPU
		{B7F589EB-524F-4BAD-9419-6576F6527670}.VS2010IntegrationTest|Any CPU.ActiveCfg = Debug|Any CPU
		{B7F589EB-524F-4BAD-9419-6576F6527670}.VS2010IntegrationTest|Any CPU.Build.0 = Debug|Any CPU
		{AF7CACE6-1F26-454D-A814-19CFCF7C5810}.Debug|Any CPU.ActiveCfg = Debug|Any CPU
		{AF7CACE6-1F26-454D-A814-19CFCF7C5810}.Debug|Any CPU.Build.0 = Debug|Any CPU
		{AF7CACE6-1F26-454D-A814-19CFCF7C5810}.Debug-MSTest|Any CPU.ActiveCfg = Debug|Any CPU
		{AF7CACE6-1F26-454D-A814-19CFCF7C5810}.Debug-MSTest|Any CPU.Build.0 = Debug|Any CPU
		{AF7CACE6-1F26-454D-A814-19CFCF7C5810}.Debug-NUnit|Any CPU.ActiveCfg = Debug|Any CPU
		{AF7CACE6-1F26-454D-A814-19CFCF7C5810}.Debug-NUnit|Any CPU.Build.0 = Debug|Any CPU
		{AF7CACE6-1F26-454D-A814-19CFCF7C5810}.Debug-XUnit|Any CPU.ActiveCfg = Debug|Any CPU
		{AF7CACE6-1F26-454D-A814-19CFCF7C5810}.Debug-XUnit|Any CPU.Build.0 = Debug|Any CPU
		{AF7CACE6-1F26-454D-A814-19CFCF7C5810}.Release|Any CPU.ActiveCfg = Release|Any CPU
		{AF7CACE6-1F26-454D-A814-19CFCF7C5810}.Release|Any CPU.Build.0 = Release|Any CPU
		{AF7CACE6-1F26-454D-A814-19CFCF7C5810}.VS2010IntegrationTest|Any CPU.ActiveCfg = Release|Any CPU
		{AF7CACE6-1F26-454D-A814-19CFCF7C5810}.VS2010IntegrationTest|Any CPU.Build.0 = Release|Any CPU
	EndGlobalSection
	GlobalSection(SolutionProperties) = preSolution
		HideSolutionNode = FALSE
	EndGlobalSection
	GlobalSection(NestedProjects) = preSolution
		{D87E7021-4926-4F5A-AC81-92AFC575FB7E} = {577A0375-1436-446C-802B-3C75C8CEF94F}
		{FA04B445-D04C-4075-9EB0-4D0A70E47FC4} = {974420E8-FEEA-4564-B4CE-BE06F7457E3B}
		{1B51F6C9-226E-479B-9212-E6C02A1E6633} = {974420E8-FEEA-4564-B4CE-BE06F7457E3B}
		{57335C6A-F74A-491A-8191-95E115B87638} = {DCE0C3C4-5BC6-4A30-86BE-3FEFF4677A01}
		{FA9DFEFA-4F35-4A57-91AE-64C7B5D41EAA} = {DCE0C3C4-5BC6-4A30-86BE-3FEFF4677A01}
		{48E162BC-9431-450D-8353-66D396DCB5FE} = {577A0375-1436-446C-802B-3C75C8CEF94F}
		{B7F589EB-524F-4BAD-9419-6576F6527670} = {05275A0B-57E4-484C-B181-227697C7B89A}
		{16EAF4F9-9860-4BB9-8992-98522E68E570} = {8BE0FE31-6A52-452E-BE71-B8C64A3ED402}
		{AF7CACE6-1F26-454D-A814-19CFCF7C5810} = {16EAF4F9-9860-4BB9-8992-98522E68E570}
	EndGlobalSection
	GlobalSection(ExtensibilityGlobals) = postSolution
		SolutionGuid = {A4D0636F-0160-4FA5-81A3-9784C7E3B3A4}
	EndGlobalSection
EndGlobal
